{
  "pins" : [
    {
      "identity" : "swift-docc-plugin",
      "kind" : "remoteSourceControl",
      "location" : "https://github.com/apple/swift-docc-plugin",
      "state" : {
        "revision" : "9b1258905c21fc1b97bf03d1b4ca12c4ec4e5fda",
        "version" : "1.2.0"
      }
    },
    {
      "identity" : "swift-docc-symbolkit",
      "kind" : "remoteSourceControl",
      "location" : "https://github.com/apple/swift-docc-symbolkit",
      "state" : {
        "revision" : "b45d1f2ed151d057b54504d653e0da5552844e34",
        "version" : "1.0.0"
      }
    },
    {
      "identity" : "tree-sitter-jelly",
      "kind" : "remoteSourceControl",
      "location" : "https://github.com/ActuallyTaylor/tree-sitter-jelly",
      "state" : {
        "branch" : "main",
        "revision" : "452cfbb68376927d39814321fe7dad8f8fd98310"
      }
    },
    {
      "identity" : "tree-sitter-spm",
      "kind" : "remoteSourceControl",
      "location" : "https://github.com/ActuallyTaylor/tree-sitter-spm",
      "state" : {
        "branch" : "master",
        "revision" : "3860f9e8c683a730a53cd6fd594ff2d8cdc4c222"
      }
    }
  ],
  "version" : 2
}
